
Microsoft Visual Studio Solution File, Format Version 12.00
# Visual Studio Version 17
VisualStudioVersion = 17.6.33815.320
MinimumVisualStudioVersion = 10.0.40219.1
Project("{FAE04EC0-301F-11D3-BF4B-00C04F79EFBC}") = "ReizTechHW1", "ReizTechHW1.csproj", "{CA622672-2AF8-44E8-817E-AE5AA2F20C9B}"
EndProject
Global
	GlobalSection(SolutionConfigurationPlatforms) = preSolution
		Debug|Any CPU = Debug|Any CPU
		Release|Any CPU = Release|Any CPU
	EndGlobalSection
	GlobalSection(ProjectConfigurationPlatforms) = postSolution
		{CA622672-2AF8-44E8-817E-AE5AA2F20C9B}.Debug|Any CPU.ActiveCfg = Debug|Any CPU
		{CA622672-2AF8-44E8-817E-AE5AA2F20C9B}.Debug|Any CPU.Build.0 = Debug|Any CPU
		{CA622672-2AF8-44E8-817E-AE5AA2F20C9B}.Release|Any CPU.ActiveCfg = Release|Any CPU
		{CA622672-2AF8-44E8-817E-AE5AA2F20C9B}.Release|Any CPU.Build.0 = Release|Any CPU
	EndGlobalSection
	GlobalSection(SolutionProperties) = preSolution
		HideSolutionNode = FALSE
	EndGlobalSection
	GlobalSection(ExtensibilityGlobals) = postSolution
		SolutionGuid = {FB29A13E-E76A-49E9-A9FF-D36F628F9C2C}
	EndGlobalSection
EndGlobal
